
Microsoft Visual Studio Solution File, Format Version 12.00
# Visual Studio Version 17
VisualStudioVersion = 17.5.002.0
MinimumVisualStudioVersion = 10.0.40219.1
Project("{9A19103F-16F7-4668-BE54-9A1E7A4F7556}") = "NemuraProject", "NemuraProject.csproj", "{CED5E2F7-C426-43C8-88A3-53E50C3297EE}"
EndProject
Global
	GlobalSection(SolutionConfigurationPlatforms) = preSolution
		Debug|Any CPU = Debug|Any CPU
		Release|Any CPU = Release|Any CPU
	EndGlobalSection
	GlobalSection(ProjectConfigurationPlatforms) = postSolution
		{CED5E2F7-C426-43C8-88A3-53E50C3297EE}.Debug|Any CPU.ActiveCfg = Debug|Any CPU
		{CED5E2F7-C426-43C8-88A3-53E50C3297EE}.Debug|Any CPU.Build.0 = Debug|Any CPU
		{CED5E2F7-C426-43C8-88A3-53E50C3297EE}.Release|Any CPU.ActiveCfg = Release|Any CPU
		{CED5E2F7-C426-43C8-88A3-53E50C3297EE}.Release|Any CPU.Build.0 = Release|Any CPU
	EndGlobalSection
	GlobalSection(SolutionProperties) = preSolution
		HideSolutionNode = FALSE
	EndGlobalSection
	GlobalSection(ExtensibilityGlobals) = postSolution
		SolutionGuid = {DF3E4874-05E9-4990-923D-142872AB7DD1}
	EndGlobalSection
EndGlobal
